
Microsoft Visual Studio Solution File, Format Version 12.00
# Visual Studio Version 17
VisualStudioVersion = 17.5.002.0
MinimumVisualStudioVersion = 10.0.40219.1
Project("{9A19103F-16F7-4668-BE54-9A1E7A4F7556}") = "azure-app-tam", "azure-app-tam.csproj", "{7C3829D2-0E4D-4999-9645-697BC3FA5F98}"
EndProject
Global
	GlobalSection(SolutionConfigurationPlatforms) = preSolution
		Debug|Any CPU = Debug|Any CPU
		Release|Any CPU = Release|Any CPU
	EndGlobalSection
	GlobalSection(ProjectConfigurationPlatforms) = postSolution
		{7C3829D2-0E4D-4999-9645-697BC3FA5F98}.Debug|Any CPU.ActiveCfg = Debug|Any CPU
		{7C3829D2-0E4D-4999-9645-697BC3FA5F98}.Debug|Any CPU.Build.0 = Debug|Any CPU
		{7C3829D2-0E4D-4999-9645-697BC3FA5F98}.Release|Any CPU.ActiveCfg = Release|Any CPU
		{7C3829D2-0E4D-4999-9645-697BC3FA5F98}.Release|Any CPU.Build.0 = Release|Any CPU
	EndGlobalSection
	GlobalSection(SolutionProperties) = preSolution
		HideSolutionNode = FALSE
	EndGlobalSection
	GlobalSection(ExtensibilityGlobals) = postSolution
		SolutionGuid = {1902F427-E8BC-4855-918C-CF81BD31575E}
	EndGlobalSection
EndGlobal
